{
  "nodes": {
    "nixos-hardware": {
      "locked": {
        "lastModified": 1701639549,
        "narHash": "sha256-jSby/VYH6hkEybcePZyBH2HDNcCgv6HRjLofpKiogds=",
        "owner": "iwanders",
        "repo": "nixos-hardware",
        "rev": "f4b752e21ce6b9d6e78ec056acc84fbb8d7109cf",
        "type": "github"
      },
      "original": {
        "owner": "iwanders",
        "ref": "ms-surface-build-linux-surface-kernel-from-repo",
        "repo": "nixos-hardware",
        "type": "github"
      }
    },
    "nixpkgs": {
      "locked": {
        "lastModified": 1700814814,
        "narHash": "sha256-Wqmj6iJjWZ0dHsA/Hjs8+1Sco/eo9f1qVvlSVfaQqWM=",
        "owner": "NixOS",
        "repo": "nixpkgs",
        "rev": "ffcadd021d929dd87dcc3a3fc39098e13cbc8f60",
        "type": "github"
      },
      "original": {
        "owner": "NixOS",
        "ref": "release-23.11",
        "repo": "nixpkgs",
        "type": "github"
      }
    },
    "root": {
      "inputs": {
        "nixos-hardware": "nixos-hardware",
        "nixpkgs": "nixpkgs"
      }
    }
  },
  "root": "root",
  "version": 7
}
