{
  "nodes": {
    "nixos-hardware": {
      "locked": {
        "lastModified": 1713023887,
        "narHash": "sha256-/yHl8Toy1BsQMGrQ76/vqai+C4tC7r1CbByJMOvguTY=",
        "owner": "tracteurblinde",
        "repo": "nixos-hardware",
        "rev": "76ffc98d61d81f7dbcb27290d811063be36300eb",
        "type": "github"
      },
      "original": {
        "owner": "tracteurblinde",
        "ref": "surface-linux-6.8.1",
        "repo": "nixos-hardware",
        "type": "github"
      }
    },
    "nixpkgs": {
      "locked": {
        "lastModified": 1700814814,
        "narHash": "sha256-Wqmj6iJjWZ0dHsA/Hjs8+1Sco/eo9f1qVvlSVfaQqWM=",
        "owner": "NixOS",
        "repo": "nixpkgs",
        "rev": "ffcadd021d929dd87dcc3a3fc39098e13cbc8f60",
        "type": "github"
      },
      "original": {
        "owner": "NixOS",
        "ref": "release-23.11",
        "repo": "nixpkgs",
        "type": "github"
      }
    },
    "root": {
      "inputs": {
        "nixos-hardware": "nixos-hardware",
        "nixpkgs": "nixpkgs"
      }
    }
  },
  "root": "root",
  "version": 7
}
